{
  "version": 4,
  "terraform_version": "1.13.1",
  "serial": 55,
  "lineage": "a831a8f6-b983-a153-4048-5045d961902d",
  "outputs": {
    "alb_dns_name": {
      "value": "teste-api-nlb-d8cc496564454ef5.elb.us-east-2.amazonaws.com",
      "type": "string"
    },
    "alb_zone_id": {
      "value": "ZLMOA37VPKANP",
      "type": "string"
    },
    "api_service_discovery_dns": {
      "value": "api.teste-api.local",
      "type": "string"
    },
    "aws_region": {
      "value": "us-east-2",
      "type": "string"
    },
    "ecr_registry_url": {
      "value": "693014165328.dkr.ecr.us-east-2.amazonaws.com",
      "type": "string"
    },
    "ecr_repository_api_name": {
      "value": "teste-api-api",
      "type": "string"
    },
    "ecr_repository_api_url": {
      "value": "693014165328.dkr.ecr.us-east-2.amazonaws.com/teste-api-api",
      "type": "string"
    },
    "ecr_repository_nginx_name": {
      "value": "teste-api-nginx",
      "type": "string"
    },
    "ecr_repository_nginx_url": {
      "value": "693014165328.dkr.ecr.us-east-2.amazonaws.com/teste-api-nginx",
      "type": "string"
    },
    "ecs_cluster_name": {
      "value": "teste-api-cluster",
      "type": "string"
    },
    "ecs_service_api_name": {
      "value": "teste-api-api-service",
      "type": "string"
    },
    "ecs_service_nginx_name": {
      "value": "teste-api-nginx-service",
      "type": "string"
    },
    "private_subnets": {
      "value": [
        "subnet-01a586df660cfd3cf",
        "subnet-071dd42aedd8e7de8"
      ],
      "type": [
        "tuple",
        [
          "string",
          "string"
        ]
      ]
    },
    "public_subnets": {
      "value": [
        "subnet-0aa9f8a44c8c00cda",
        "subnet-017b5bbd387549cc3"
      ],
      "type": [
        "tuple",
        [
          "string",
          "string"
        ]
      ]
    },
    "vpc_id": {
      "value": "vpc-0ca259d7e744c179a",
      "type": "string"
    }
  },
  "resources": [
    {
      "mode": "data",
      "type": "aws_availability_zones",
      "name": "available",
      "provider": "provider[\"registry.terraform.io/hashicorp/aws\"]",
      "instances": [
        {
          "schema_version": 0,
          "attributes": {
            "all_availability_zones": null,
            "exclude_names": null,
            "exclude_zone_ids": null,
            "filter": null,
            "group_names": [
              "us-east-2-zg-1"
            ],
            "id": "us-east-2",
            "names": [
              "us-east-2a",
              "us-east-2b",
              "us-east-2c"
            ],
            "state": "available",
            "timeouts": null,
            "zone_ids": [
              "use2-az1",
              "use2-az2",
              "use2-az3"
            ]
          },
          "sensitive_attributes": [],
          "identity_schema_version": 0
        }
      ]
    },
    {
      "mode": "data",
      "type": "aws_caller_identity",
      "name": "current",
      "provider": "provider[\"registry.terraform.io/hashicorp/aws\"]",
      "instances": [
        {
          "schema_version": 0,
          "attributes": {
            "account_id": "693014165328",
            "arn": "arn:aws:iam::693014165328:user/devops-challenge-user",
            "id": "693014165328",
            "user_id": "AIDA2CWW465ICMKLAETS6"
          },
          "sensitive_attributes": [],
          "identity_schema_version": 0
        }
      ]
    },
    {
      "mode": "data",
      "type": "aws_region",
      "name": "current",
      "provider": "provider[\"registry.terraform.io/hashicorp/aws\"]",
      "instances": [
        {
          "schema_version": 0,
          "attributes": {
            "description": "US East (Ohio)",
            "endpoint": "ec2.us-east-2.amazonaws.com",
            "id": "us-east-2",
            "name": "us-east-2"
          },
          "sensitive_attributes": [],
          "identity_schema_version": 0
        }
      ]
    },
    {
      "mode": "managed",
      "type": "aws_cloudwatch_dashboard",
      "name": "main",
      "provider": "provider[\"registry.terraform.io/hashicorp/aws\"]",
      "instances": [
        {
          "schema_version": 0,
          "attributes": {
            "dashboard_arn": "arn:aws:cloudwatch::693014165328:dashboard/teste-api-dashboard-prod",
            "dashboard_body": "{\"widgets\":[{\"height\":1,\"properties\":{\"markdown\":\"## Dashboard de Monitoramento: teste-api (prod)\"},\"type\":\"text\",\"width\":24},{\"height\":6,\"properties\":{\"metrics\":[[\"AWS/ApplicationELB\",\"RequestCount\",\"LoadBalancer\",\"teste-api-alb\",{\"label\":\"Total de Requisições\"}],[\".\",\"HTTPCode_Target_5XX_Count\",\".\",\".\",{\"label\":\"Erros 5xx do Target\"}],[\".\",\"HTTPCode_Target_4XX_Count\",\".\",\".\",{\"label\":\"Erros 4xx do Target\"}]],\"region\":\"us-east-2\",\"stacked\":false,\"title\":\"ALB: Requisições e Erros\",\"view\":\"timeSeries\"},\"type\":\"metric\",\"width\":12},{\"height\":6,\"properties\":{\"metrics\":[[\"AWS/ApplicationELB\",\"TargetConnectionErrorCount\",\"LoadBalancer\",\"teste-api-alb\",{\"label\":\"Erros de Conexão com Target\"}],[\".\",\"HealthyHostCount\",\"TargetGroup\",\"teste-api-nginx-tg\",{\"label\":\"Hosts Saudáveis (Nginx)\"}],[\".\",\"UnHealthyHostCount\",\".\",\".\",{\"label\":\"Hosts Não Saudáveis (Nginx)\"}]],\"region\":\"us-east-2\",\"stacked\":false,\"title\":\"ALB: Saúde do Target Group (Nginx)\",\"view\":\"timeSeries\"},\"type\":\"metric\",\"width\":12},{\"height\":6,\"properties\":{\"metrics\":[[\"AWS/ECS\",\"CPUUtilization\",\"ClusterName\",\"teste-api-cluster\",\"ServiceName\",\"teste-api-nginx-service\",{\"label\":\"Uso de CPU (%)\"}],[\".\",\"MemoryUtilization\",\".\",\".\",\".\",\".\",{\"label\":\"Uso de Memória (%)\"}]],\"region\":\"us-east-2\",\"stacked\":false,\"title\":\"ECS Service: Nginx Gateway\",\"view\":\"timeSeries\"},\"type\":\"metric\",\"width\":12},{\"height\":6,\"properties\":{\"metrics\":[[\"AWS/ECS\",\"CPUUtilization\",\"ClusterName\",\"teste-api-cluster\",\"ServiceName\",\"teste-api-api-service\",{\"label\":\"Uso de CPU (%)\"}],[\".\",\"MemoryUtilization\",\".\",\".\",\".\",\".\",{\"label\":\"Uso de Memória (%)\"}]],\"region\":\"us-east-2\",\"stacked\":false,\"title\":\"ECS Service: API Python\",\"view\":\"timeSeries\"},\"type\":\"metric\",\"width\":12},{\"height\":6,\"properties\":{\"metrics\":[[\"AWS/WAFV2\",\"BlockedRequests\",\"Region\",\"us-east-2\",\"WebACL\",\"teste-api-waf-acl\",\"Rule\",\"ALL\",{\"label\":\"Total de Requisições Bloqueadas\"}],[\".\",\"AllowedRequests\",\".\",\".\",\".\",\".\",\".\",\".\",{\"label\":\"Total de Requisições Permitidas\"}]],\"region\":\"us-east-2\",\"stacked\":false,\"title\":\"WAF: Requisições Bloqueadas vs Permitidas\",\"view\":\"timeSeries\"},\"type\":\"metric\",\"width\":12}]}",
            "dashboard_name": "teste-api-dashboard-prod",
            "id": "teste-api-dashboard-prod"
          },
          "sensitive_attributes": [],
          "identity_schema_version": 0,
          "private": "bnVsbA==",
          "dependencies": [
            "aws_alb.main",
            "aws_cloudwatch_log_group.api",
            "aws_cloudwatch_log_group.nginx",
            "aws_ecr_repository.api",
            "aws_ecr_repository.nginx",
            "aws_ecs_cluster.main",
            "aws_ecs_service.api",
            "aws_ecs_service.nginx",
            "aws_ecs_task_definition.api",
            "aws_ecs_task_definition.nginx",
            "aws_iam_role.ecs_task_execution_role",
            "aws_lb.main",
            "aws_lb_listener.https",
            "aws_lb_target_group.nginx",
            "aws_security_group.alb",
            "aws_security_group.api",
            "aws_security_group.nginx",
            "aws_service_discovery_private_dns_namespace.main",
            "aws_service_discovery_service.api",
            "aws_subnet.private",
            "aws_subnet.public",
            "aws_vpc.main",
            "aws_wafv2_ip_set.blocked_ips",
            "aws_wafv2_web_acl.main",
            "data.aws_availability_zones.available"
          ]
        }
      ]
    },
    {
      "mode": "managed",
      "type": "aws_cloudwatch_log_group",
      "name": "api",
      "provider": "provider[\"registry.terraform.io/hashicorp/aws\"]",
      "instances": [
        {
          "schema_version": 0,
          "attributes": {
            "arn": "arn:aws:logs:us-east-2:693014165328:log-group:/ecs/teste-api/api",
            "id": "/ecs/teste-api/api",
            "kms_key_id": "",
            "log_group_class": "STANDARD",
            "name": "/ecs/teste-api/api",
            "name_prefix": "",
            "retention_in_days": 7,
            "skip_destroy": false,
            "tags": {
              "Environment": "prod",
              "Name": "teste-api-api-logs"
            },
            "tags_all": {
              "Environment": "prod",
              "Name": "teste-api-api-logs"
            }
          },
          "sensitive_attributes": [],
          "identity_schema_version": 0,
          "private": "bnVsbA=="
        }
      ]
    },
    {
      "mode": "managed",
      "type": "aws_cloudwatch_log_group",
      "name": "nginx",
      "provider": "provider[\"registry.terraform.io/hashicorp/aws\"]",
      "instances": [
        {
          "schema_version": 0,
          "attributes": {
            "arn": "arn:aws:logs:us-east-2:693014165328:log-group:/ecs/teste-api/nginx",
            "id": "/ecs/teste-api/nginx",
            "kms_key_id": "",
            "log_group_class": "STANDARD",
            "name": "/ecs/teste-api/nginx",
            "name_prefix": "",
            "retention_in_days": 7,
            "skip_destroy": false,
            "tags": {
              "Environment": "prod",
              "Name": "teste-api-nginx-logs"
            },
            "tags_all": {
              "Environment": "prod",
              "Name": "teste-api-nginx-logs"
            }
          },
          "sensitive_attributes": [],
          "identity_schema_version": 0,
          "private": "bnVsbA=="
        }
      ]
    },
    {
      "mode": "managed",
      "type": "aws_ecr_repository",
      "name": "api",
      "provider": "provider[\"registry.terraform.io/hashicorp/aws\"]",
      "instances": [
        {
          "schema_version": 0,
          "attributes": {
            "arn": "arn:aws:ecr:us-east-2:693014165328:repository/teste-api-api",
            "encryption_configuration": [
              {
                "encryption_type": "AES256",
                "kms_key": ""
              }
            ],
            "force_delete": null,
            "id": "teste-api-api",
            "image_scanning_configuration": [
              {
                "scan_on_push": true
              }
            ],
            "image_tag_mutability": "MUTABLE",
            "name": "teste-api-api",
            "registry_id": "693014165328",
            "repository_url": "693014165328.dkr.ecr.us-east-2.amazonaws.com/teste-api-api",
            "tags": {
              "Name": "teste-api-api-ecr"
            },
            "tags_all": {
              "Name": "teste-api-api-ecr"
            },
            "timeouts": null
          },
          "sensitive_attributes": [],
          "identity_schema_version": 0,
          "private": "eyJlMmJmYjczMC1lY2FhLTExZTYtOGY4OC0zNDM2M2JjN2M0YzAiOnsiZGVsZXRlIjoxMjAwMDAwMDAwMDAwfX0="
        }
      ]
    },
    {
      "mode": "managed",
      "type": "aws_ecr_repository",
      "name": "nginx",
      "provider": "provider[\"registry.terraform.io/hashicorp/aws\"]",
      "instances": [
        {
          "schema_version": 0,
          "attributes": {
            "arn": "arn:aws:ecr:us-east-2:693014165328:repository/teste-api-nginx",
            "encryption_configuration": [
              {
                "encryption_type": "AES256",
                "kms_key": ""
              }
            ],
            "force_delete": null,
            "id": "teste-api-nginx",
            "image_scanning_configuration": [
              {
                "scan_on_push": true
              }
            ],
            "image_tag_mutability": "MUTABLE",
            "name": "teste-api-nginx",
            "registry_id": "693014165328",
            "repository_url": "693014165328.dkr.ecr.us-east-2.amazonaws.com/teste-api-nginx",
            "tags": {
              "Name": "teste-api-nginx-ecr"
            },
            "tags_all": {
              "Name": "teste-api-nginx-ecr"
            },
            "timeouts": null
          },
          "sensitive_attributes": [],
          "identity_schema_version": 0,
          "private": "eyJlMmJmYjczMC1lY2FhLTExZTYtOGY4OC0zNDM2M2JjN2M0YzAiOnsiZGVsZXRlIjoxMjAwMDAwMDAwMDAwfX0="
        }
      ]
    },
    {
      "mode": "managed",
      "type": "aws_ecs_cluster",
      "name": "main",
      "provider": "provider[\"registry.terraform.io/hashicorp/aws\"]",
      "instances": [
        {
          "schema_version": 0,
          "attributes": {
            "arn": "arn:aws:ecs:us-east-2:693014165328:cluster/teste-api-cluster",
            "configuration": [],
            "id": "arn:aws:ecs:us-east-2:693014165328:cluster/teste-api-cluster",
            "name": "teste-api-cluster",
            "service_connect_defaults": [],
            "setting": [
              {
                "name": "containerInsights",
                "value": "disabled"
              }
            ],
            "tags": {
              "Environment": "prod",
              "Name": "teste-api-cluster"
            },
            "tags_all": {
              "Environment": "prod",
              "Name": "teste-api-cluster"
            }
          },
          "sensitive_attributes": [],
          "identity_schema_version": 0,
          "private": "bnVsbA=="
        }
      ]
    },
    {
      "mode": "managed",
      "type": "aws_ecs_service",
      "name": "api",
      "provider": "provider[\"registry.terraform.io/hashicorp/aws\"]",
      "instances": [
        {
          "schema_version": 1,
          "attributes": {
            "alarms": [],
            "availability_zone_rebalancing": "DISABLED",
            "capacity_provider_strategy": [],
            "cluster": "arn:aws:ecs:us-east-2:693014165328:cluster/teste-api-cluster",
            "deployment_circuit_breaker": [
              {
                "enable": false,
                "rollback": false
              }
            ],
            "deployment_controller": [
              {
                "type": "ECS"
              }
            ],
            "deployment_maximum_percent": 200,
            "deployment_minimum_healthy_percent": 100,
            "desired_count": 2,
            "enable_ecs_managed_tags": false,
            "enable_execute_command": false,
            "force_delete": null,
            "force_new_deployment": null,
            "health_check_grace_period_seconds": 0,
            "iam_role": "/aws-service-role/ecs.amazonaws.com/AWSServiceRoleForECS",
            "id": "arn:aws:ecs:us-east-2:693014165328:service/teste-api-cluster/teste-api-api-service",
            "launch_type": "FARGATE",
            "load_balancer": [],
            "name": "teste-api-api-service",
            "network_configuration": [
              {
                "assign_public_ip": false,
                "security_groups": [
                  "sg-0bcb8c2696c9754e4"
                ],
                "subnets": [
                  "subnet-01a586df660cfd3cf",
                  "subnet-071dd42aedd8e7de8"
                ]
              }
            ],
            "ordered_placement_strategy": [],
            "placement_constraints": [],
            "platform_version": "LATEST",
            "propagate_tags": "NONE",
            "scheduling_strategy": "REPLICA",
            "service_connect_configuration": [],
            "service_registries": [
              {
                "container_name": "",
                "container_port": 0,
                "port": 0,
                "registry_arn": "arn:aws:servicediscovery:us-east-2:693014165328:service/srv-4odn4aaq5nbwgxoj"
              }
            ],
            "tags": {},
            "tags_all": {},
            "task_definition": "arn:aws:ecs:us-east-2:693014165328:task-definition/teste-api-api-task:5",
            "timeouts": null,
            "triggers": {},
            "volume_configuration": [],
            "vpc_lattice_configurations": [],
            "wait_for_steady_state": false
          },
          "sensitive_attributes": [],
          "identity_schema_version": 0,
          "private": "eyJlMmJmYjczMC1lY2FhLTExZTYtOGY4OC0zNDM2M2JjN2M0YzAiOnsiY3JlYXRlIjoxMjAwMDAwMDAwMDAwLCJkZWxldGUiOjEyMDAwMDAwMDAwMDAsInVwZGF0ZSI6MTIwMDAwMDAwMDAwMH0sInNjaGVtYV92ZXJzaW9uIjoiMSJ9",
          "dependencies": [
            "aws_cloudwatch_log_group.api",
            "aws_ecr_repository.api",
            "aws_ecs_cluster.main",
            "aws_ecs_task_definition.api",
            "aws_iam_role.ecs_task_execution_role",
            "aws_lb.main",
            "aws_lb_listener.https",
            "aws_lb_target_group.nginx",
            "aws_security_group.api",
            "aws_security_group.nginx",
            "aws_service_discovery_private_dns_namespace.main",
            "aws_service_discovery_service.api",
            "aws_subnet.private",
            "aws_subnet.public",
            "aws_vpc.main",
            "data.aws_availability_zones.available"
          ]
        }
      ]
    },
    {
      "mode": "managed",
      "type": "aws_ecs_service",
      "name": "nginx",
      "provider": "provider[\"registry.terraform.io/hashicorp/aws\"]",
      "instances": [
        {
          "schema_version": 1,
          "attributes": {
            "alarms": [],
            "availability_zone_rebalancing": "DISABLED",
            "capacity_provider_strategy": [],
            "cluster": "arn:aws:ecs:us-east-2:693014165328:cluster/teste-api-cluster",
            "deployment_circuit_breaker": [
              {
                "enable": false,
                "rollback": false
              }
            ],
            "deployment_controller": [
              {
                "type": "ECS"
              }
            ],
            "deployment_maximum_percent": 200,
            "deployment_minimum_healthy_percent": 100,
            "desired_count": 2,
            "enable_ecs_managed_tags": false,
            "enable_execute_command": false,
            "force_delete": null,
            "force_new_deployment": null,
            "health_check_grace_period_seconds": 0,
            "iam_role": "/aws-service-role/ecs.amazonaws.com/AWSServiceRoleForECS",
            "id": "arn:aws:ecs:us-east-2:693014165328:service/teste-api-cluster/teste-api-nginx-service",
            "launch_type": "FARGATE",
            "load_balancer": [
              {
                "container_name": "teste-api-nginx-container",
                "container_port": 443,
                "elb_name": "",
                "target_group_arn": "arn:aws:elasticloadbalancing:us-east-2:693014165328:targetgroup/teste-api-nginx-tg/b6f68331b36f2b17"
              }
            ],
            "name": "teste-api-nginx-service",
            "network_configuration": [
              {
                "assign_public_ip": false,
                "security_groups": [
                  "sg-0550013dede5f031c"
                ],
                "subnets": [
                  "subnet-01a586df660cfd3cf",
                  "subnet-071dd42aedd8e7de8"
                ]
              }
            ],
            "ordered_placement_strategy": [],
            "placement_constraints": [],
            "platform_version": "LATEST",
            "propagate_tags": "NONE",
            "scheduling_strategy": "REPLICA",
            "service_connect_configuration": [],
            "service_registries": [],
            "tags": {},
            "tags_all": {},
            "task_definition": "arn:aws:ecs:us-east-2:693014165328:task-definition/teste-api-nginx-task:5",
            "timeouts": null,
            "triggers": {},
            "volume_configuration": [],
            "vpc_lattice_configurations": [],
            "wait_for_steady_state": false
          },
          "sensitive_attributes": [],
          "identity_schema_version": 0,
          "private": "eyJlMmJmYjczMC1lY2FhLTExZTYtOGY4OC0zNDM2M2JjN2M0YzAiOnsiY3JlYXRlIjoxMjAwMDAwMDAwMDAwLCJkZWxldGUiOjEyMDAwMDAwMDAwMDAsInVwZGF0ZSI6MTIwMDAwMDAwMDAwMH0sInNjaGVtYV92ZXJzaW9uIjoiMSJ9",
          "dependencies": [
            "aws_alb.main",
            "aws_cloudwatch_log_group.nginx",
            "aws_ecr_repository.nginx",
            "aws_ecs_cluster.main",
            "aws_ecs_task_definition.nginx",
            "aws_iam_role.ecs_task_execution_role",
            "aws_lb.main",
            "aws_lb_listener.https",
            "aws_lb_target_group.nginx",
            "aws_security_group.alb",
            "aws_security_group.nginx",
            "aws_subnet.private",
            "aws_subnet.public",
            "aws_vpc.main",
            "data.aws_availability_zones.available"
          ]
        }
      ]
    },
    {
      "mode": "managed",
      "type": "aws_ecs_task_definition",
      "name": "api",
      "provider": "provider[\"registry.terraform.io/hashicorp/aws\"]",
      "instances": [
        {
          "schema_version": 1,
          "attributes": {
            "arn": "arn:aws:ecs:us-east-2:693014165328:task-definition/teste-api-api-task:5",
            "arn_without_revision": "arn:aws:ecs:us-east-2:693014165328:task-definition/teste-api-api-task",
            "container_definitions": "[{\"environment\":[],\"essential\":true,\"image\":\"693014165328.dkr.ecr.us-east-2.amazonaws.com/teste-api-api:latest\",\"logConfiguration\":{\"logDriver\":\"awslogs\",\"options\":{\"awslogs-stream-prefix\":\"ecs\",\"awslogs-group\":\"/ecs/teste-api/api\",\"awslogs-region\":\"us-east-2\"}},\"mountPoints\":[],\"name\":\"teste-api-api-container\",\"portMappings\":[{\"containerPort\":5000,\"hostPort\":5000,\"protocol\":\"tcp\"}],\"systemControls\":[],\"volumesFrom\":[]}]",
            "cpu": "256",
            "enable_fault_injection": false,
            "ephemeral_storage": [],
            "execution_role_arn": "arn:aws:iam::693014165328:role/teste-api-ecs-task-execution-role",
            "family": "teste-api-api-task",
            "id": "teste-api-api-task",
            "inference_accelerator": [],
            "ipc_mode": "",
            "memory": "512",
            "network_mode": "awsvpc",
            "pid_mode": "",
            "placement_constraints": [],
            "proxy_configuration": [],
            "requires_compatibilities": [
              "FARGATE"
            ],
            "revision": 5,
            "runtime_platform": [],
            "skip_destroy": false,
            "tags": {
              "Environment": "prod",
              "Name": "teste-api-api-task"
            },
            "tags_all": {
              "Environment": "prod",
              "Name": "teste-api-api-task"
            },
            "task_role_arn": "",
            "track_latest": false,
            "volume": []
          },
          "sensitive_attributes": [],
          "identity_schema_version": 0,
          "private": "eyJzY2hlbWFfdmVyc2lvbiI6IjEifQ==",
          "dependencies": [
            "aws_cloudwatch_log_group.api",
            "aws_ecr_repository.api",
            "aws_iam_role.ecs_task_execution_role"
          ]
        }
      ]
    },
    {
      "mode": "managed",
      "type": "aws_ecs_task_definition",
      "name": "nginx",
      "provider": "provider[\"registry.terraform.io/hashicorp/aws\"]",
      "instances": [
        {
          "schema_version": 1,
          "attributes": {
            "arn": "arn:aws:ecs:us-east-2:693014165328:task-definition/teste-api-nginx-task:5",
            "arn_without_revision": "arn:aws:ecs:us-east-2:693014165328:task-definition/teste-api-nginx-task",
            "container_definitions": "[{\"environment\":[],\"essential\":true,\"image\":\"693014165328.dkr.ecr.us-east-2.amazonaws.com/teste-api-nginx:latest\",\"logConfiguration\":{\"logDriver\":\"awslogs\",\"options\":{\"awslogs-group\":\"/ecs/teste-api/nginx\",\"awslogs-region\":\"us-east-2\",\"awslogs-stream-prefix\":\"ecs\"}},\"mountPoints\":[],\"name\":\"teste-api-nginx-container\",\"portMappings\":[{\"containerPort\":443,\"hostPort\":443,\"protocol\":\"tcp\"}],\"systemControls\":[],\"volumesFrom\":[]}]",
            "cpu": "256",
            "enable_fault_injection": false,
            "ephemeral_storage": [],
            "execution_role_arn": "arn:aws:iam::693014165328:role/teste-api-ecs-task-execution-role",
            "family": "teste-api-nginx-task",
            "id": "teste-api-nginx-task",
            "inference_accelerator": [],
            "ipc_mode": "",
            "memory": "512",
            "network_mode": "awsvpc",
            "pid_mode": "",
            "placement_constraints": [],
            "proxy_configuration": [],
            "requires_compatibilities": [
              "FARGATE"
            ],
            "revision": 5,
            "runtime_platform": [],
            "skip_destroy": false,
            "tags": {
              "Environment": "prod",
              "Name": "teste-api-nginx-task"
            },
            "tags_all": {
              "Environment": "prod",
              "Name": "teste-api-nginx-task"
            },
            "task_role_arn": "",
            "track_latest": false,
            "volume": []
          },
          "sensitive_attributes": [],
          "identity_schema_version": 0,
          "private": "eyJzY2hlbWFfdmVyc2lvbiI6IjEifQ==",
          "dependencies": [
            "aws_cloudwatch_log_group.nginx",
            "aws_ecr_repository.nginx",
            "aws_iam_role.ecs_task_execution_role"
          ]
        }
      ]
    },
    {
      "mode": "managed",
      "type": "aws_eip",
      "name": "nat",
      "provider": "provider[\"registry.terraform.io/hashicorp/aws\"]",
      "instances": [
        {
          "schema_version": 0,
          "attributes": {
            "address": null,
            "allocation_id": "eipalloc-04bf96686c74406b3",
            "arn": "arn:aws:ec2:us-east-2:693014165328:elastic-ip/eipalloc-04bf96686c74406b3",
            "associate_with_private_ip": null,
            "association_id": "eipassoc-004e84ceb6cc54c69",
            "carrier_ip": "",
            "customer_owned_ip": "",
            "customer_owned_ipv4_pool": "",
            "domain": "vpc",
            "id": "eipalloc-04bf96686c74406b3",
            "instance": "",
            "ipam_pool_id": null,
            "network_border_group": "us-east-2",
            "network_interface": "eni-0b998f0f4214b816a",
            "private_dns": "ip-10-0-1-186.us-east-2.compute.internal",
            "private_ip": "10.0.1.186",
            "ptr_record": "",
            "public_dns": "ec2-3-140-114-222.us-east-2.compute.amazonaws.com",
            "public_ip": "3.140.114.222",
            "public_ipv4_pool": "amazon",
            "tags": {},
            "tags_all": {},
            "timeouts": null,
            "vpc": true
          },
          "sensitive_attributes": [],
          "identity_schema_version": 0,
          "private": "eyJlMmJmYjczMC1lY2FhLTExZTYtOGY4OC0zNDM2M2JjN2M0YzAiOnsiZGVsZXRlIjoxODAwMDAwMDAwMDAsInJlYWQiOjkwMDAwMDAwMDAwMCwidXBkYXRlIjozMDAwMDAwMDAwMDB9fQ=="
        }
      ]
    },
    {
      "mode": "managed",
      "type": "aws_iam_role",
      "name": "ecs_task_execution_role",
      "provider": "provider[\"registry.terraform.io/hashicorp/aws\"]",
      "instances": [
        {
          "schema_version": 0,
          "attributes": {
            "arn": "arn:aws:iam::693014165328:role/teste-api-ecs-task-execution-role",
            "assume_role_policy": "{\"Statement\":[{\"Action\":\"sts:AssumeRole\",\"Effect\":\"Allow\",\"Principal\":{\"Service\":\"ecs-tasks.amazonaws.com\"}}],\"Version\":\"2012-10-17\"}",
            "create_date": "2025-08-28T14:15:57Z",
            "description": "",
            "force_detach_policies": false,
            "id": "teste-api-ecs-task-execution-role",
            "inline_policy": [],
            "managed_policy_arns": [
              "arn:aws:iam::aws:policy/service-role/AmazonECSTaskExecutionRolePolicy"
            ],
            "max_session_duration": 3600,
            "name": "teste-api-ecs-task-execution-role",
            "name_prefix": "",
            "path": "/",
            "permissions_boundary": "",
            "tags": {},
            "tags_all": {},
            "unique_id": "AROA2CWW465IDJZXJY6TY"
          },
          "sensitive_attributes": [],
          "identity_schema_version": 0,
          "private": "bnVsbA=="
        }
      ]
    },
    {
      "mode": "managed",
      "type": "aws_iam_role_policy_attachment",
      "name": "ecs_task_execution_role_policy",
      "provider": "provider[\"registry.terraform.io/hashicorp/aws\"]",
      "instances": [
        {
          "schema_version": 0,
          "attributes": {
            "id": "teste-api-ecs-task-execution-role-20250828141601138700000001",
            "policy_arn": "arn:aws:iam::aws:policy/service-role/AmazonECSTaskExecutionRolePolicy",
            "role": "teste-api-ecs-task-execution-role"
          },
          "sensitive_attributes": [],
          "identity_schema_version": 0,
          "private": "bnVsbA==",
          "dependencies": [
            "aws_iam_role.ecs_task_execution_role"
          ]
        }
      ]
    },
    {
      "mode": "managed",
      "type": "aws_internet_gateway",
      "name": "main",
      "provider": "provider[\"registry.terraform.io/hashicorp/aws\"]",
      "instances": [
        {
          "schema_version": 0,
          "attributes": {
            "arn": "arn:aws:ec2:us-east-2:693014165328:internet-gateway/igw-0b09e2d724be355cf",
            "id": "igw-0b09e2d724be355cf",
            "owner_id": "693014165328",
            "tags": {
              "Name": "teste-api-igw"
            },
            "tags_all": {
              "Name": "teste-api-igw"
            },
            "timeouts": null,
            "vpc_id": "vpc-0ca259d7e744c179a"
          },
          "sensitive_attributes": [],
          "identity_schema_version": 0,
          "private": "eyJlMmJmYjczMC1lY2FhLTExZTYtOGY4OC0zNDM2M2JjN2M0YzAiOnsiY3JlYXRlIjoxMjAwMDAwMDAwMDAwLCJkZWxldGUiOjEyMDAwMDAwMDAwMDAsInVwZGF0ZSI6MTIwMDAwMDAwMDAwMH19",
          "dependencies": [
            "aws_vpc.main"
          ]
        }
      ]
    },
    {
      "mode": "managed",
      "type": "aws_lb",
      "name": "main",
      "provider": "provider[\"registry.terraform.io/hashicorp/aws\"]",
      "instances": [
        {
          "schema_version": 0,
          "attributes": {
            "access_logs": [
              {
                "bucket": "",
                "enabled": false,
                "prefix": ""
              }
            ],
            "arn": "arn:aws:elasticloadbalancing:us-east-2:693014165328:loadbalancer/net/teste-api-nlb/d8cc496564454ef5",
            "arn_suffix": "net/teste-api-nlb/d8cc496564454ef5",
            "client_keep_alive": null,
            "connection_logs": [],
            "customer_owned_ipv4_pool": "",
            "desync_mitigation_mode": null,
            "dns_name": "teste-api-nlb-d8cc496564454ef5.elb.us-east-2.amazonaws.com",
            "dns_record_client_routing_policy": "any_availability_zone",
            "drop_invalid_header_fields": null,
            "enable_cross_zone_load_balancing": false,
            "enable_deletion_protection": false,
            "enable_http2": null,
            "enable_tls_version_and_cipher_suite_headers": null,
            "enable_waf_fail_open": null,
            "enable_xff_client_port": null,
            "enable_zonal_shift": false,
            "enforce_security_group_inbound_rules_on_private_link_traffic": "",
            "id": "arn:aws:elasticloadbalancing:us-east-2:693014165328:loadbalancer/net/teste-api-nlb/d8cc496564454ef5",
            "idle_timeout": null,
            "internal": false,
            "ip_address_type": "ipv4",
            "ipam_pools": [],
            "load_balancer_type": "network",
            "minimum_load_balancer_capacity": [],
            "name": "teste-api-nlb",
            "name_prefix": "",
            "preserve_host_header": null,
            "security_groups": [],
            "subnet_mapping": [
              {
                "allocation_id": "",
                "ipv6_address": "",
                "outpost_id": "",
                "private_ipv4_address": "",
                "subnet_id": "subnet-017b5bbd387549cc3"
              },
              {
                "allocation_id": "",
                "ipv6_address": "",
                "outpost_id": "",
                "private_ipv4_address": "",
                "subnet_id": "subnet-0aa9f8a44c8c00cda"
              }
            ],
            "subnets": [
              "subnet-017b5bbd387549cc3",
              "subnet-0aa9f8a44c8c00cda"
            ],
            "tags": {
              "Name": "teste-api-nlb"
            },
            "tags_all": {
              "Name": "teste-api-nlb"
            },
            "timeouts": null,
            "vpc_id": "vpc-0ca259d7e744c179a",
            "xff_header_processing_mode": null,
            "zone_id": "ZLMOA37VPKANP"
          },
          "sensitive_attributes": [],
          "identity_schema_version": 0,
          "private": "eyJlMmJmYjczMC1lY2FhLTExZTYtOGY4OC0zNDM2M2JjN2M0YzAiOnsiY3JlYXRlIjo2MDAwMDAwMDAwMDAsImRlbGV0ZSI6NjAwMDAwMDAwMDAwLCJ1cGRhdGUiOjYwMDAwMDAwMDAwMH19",
          "dependencies": [
            "aws_subnet.public",
            "aws_vpc.main",
            "data.aws_availability_zones.available"
          ]
        }
      ]
    },
    {
      "mode": "managed",
      "type": "aws_nat_gateway",
      "name": "main",
      "provider": "provider[\"registry.terraform.io/hashicorp/aws\"]",
      "instances": [
        {
          "schema_version": 0,
          "attributes": {
            "allocation_id": "eipalloc-04bf96686c74406b3",
            "association_id": "eipassoc-004e84ceb6cc54c69",
            "connectivity_type": "public",
            "id": "nat-0c88ad64926b25e28",
            "network_interface_id": "eni-0b998f0f4214b816a",
            "private_ip": "10.0.1.186",
            "public_ip": "3.140.114.222",
            "secondary_allocation_ids": [],
            "secondary_private_ip_address_count": 0,
            "secondary_private_ip_addresses": [],
            "subnet_id": "subnet-0aa9f8a44c8c00cda",
            "tags": {
              "Name": "teste-api-nat-gateway"
            },
            "tags_all": {
              "Name": "teste-api-nat-gateway"
            },
            "timeouts": null
          },
          "sensitive_attributes": [],
          "identity_schema_version": 0,
          "private": "eyJlMmJmYjczMC1lY2FhLTExZTYtOGY4OC0zNDM2M2JjN2M0YzAiOnsiY3JlYXRlIjo2MDAwMDAwMDAwMDAsImRlbGV0ZSI6MTgwMDAwMDAwMDAwMCwidXBkYXRlIjo2MDAwMDAwMDAwMDB9fQ==",
          "dependencies": [
            "aws_eip.nat",
            "aws_internet_gateway.main",
            "aws_subnet.public",
            "aws_vpc.main",
            "data.aws_availability_zones.available"
          ]
        }
      ]
    },
    {
      "mode": "managed",
      "type": "aws_route_table",
      "name": "private",
      "provider": "provider[\"registry.terraform.io/hashicorp/aws\"]",
      "instances": [
        {
          "schema_version": 0,
          "attributes": {
            "arn": "arn:aws:ec2:us-east-2:693014165328:route-table/rtb-0a0f0d8d9a5c919f2",
            "id": "rtb-0a0f0d8d9a5c919f2",
            "owner_id": "693014165328",
            "propagating_vgws": [],
            "route": [
              {
                "carrier_gateway_id": "",
                "cidr_block": "0.0.0.0/0",
                "core_network_arn": "",
                "destination_prefix_list_id": "",
                "egress_only_gateway_id": "",
                "gateway_id": "",
                "ipv6_cidr_block": "",
                "local_gateway_id": "",
                "nat_gateway_id": "nat-0c88ad64926b25e28",
                "network_interface_id": "",
                "transit_gateway_id": "",
                "vpc_endpoint_id": "",
                "vpc_peering_connection_id": ""
              }
            ],
            "tags": {
              "Name": "teste-api-private-rt"
            },
            "tags_all": {
              "Name": "teste-api-private-rt"
            },
            "timeouts": null,
            "vpc_id": "vpc-0ca259d7e744c179a"
          },
          "sensitive_attributes": [],
          "identity_schema_version": 0,
          "private": "eyJlMmJmYjczMC1lY2FhLTExZTYtOGY4OC0zNDM2M2JjN2M0YzAiOnsiY3JlYXRlIjozMDAwMDAwMDAwMDAsImRlbGV0ZSI6MzAwMDAwMDAwMDAwLCJ1cGRhdGUiOjEyMDAwMDAwMDAwMH19",
          "dependencies": [
            "aws_eip.nat",
            "aws_internet_gateway.main",
            "aws_nat_gateway.main",
            "aws_subnet.public",
            "aws_vpc.main",
            "data.aws_availability_zones.available"
          ]
        }
      ]
    },
    {
      "mode": "managed",
      "type": "aws_route_table",
      "name": "public",
      "provider": "provider[\"registry.terraform.io/hashicorp/aws\"]",
      "instances": [
        {
          "schema_version": 0,
          "attributes": {
            "arn": "arn:aws:ec2:us-east-2:693014165328:route-table/rtb-0af31e5e8b8620a73",
            "id": "rtb-0af31e5e8b8620a73",
            "owner_id": "693014165328",
            "propagating_vgws": [],
            "route": [
              {
                "carrier_gateway_id": "",
                "cidr_block": "0.0.0.0/0",
                "core_network_arn": "",
                "destination_prefix_list_id": "",
                "egress_only_gateway_id": "",
                "gateway_id": "igw-0b09e2d724be355cf",
                "ipv6_cidr_block": "",
                "local_gateway_id": "",
                "nat_gateway_id": "",
                "network_interface_id": "",
                "transit_gateway_id": "",
                "vpc_endpoint_id": "",
                "vpc_peering_connection_id": ""
              }
            ],
            "tags": {
              "Name": "teste-api-public-rt"
            },
            "tags_all": {
              "Name": "teste-api-public-rt"
            },
            "timeouts": null,
            "vpc_id": "vpc-0ca259d7e744c179a"
          },
          "sensitive_attributes": [],
          "identity_schema_version": 0,
          "private": "eyJlMmJmYjczMC1lY2FhLTExZTYtOGY4OC0zNDM2M2JjN2M0YzAiOnsiY3JlYXRlIjozMDAwMDAwMDAwMDAsImRlbGV0ZSI6MzAwMDAwMDAwMDAwLCJ1cGRhdGUiOjEyMDAwMDAwMDAwMH19",
          "dependencies": [
            "aws_internet_gateway.main",
            "aws_vpc.main"
          ]
        }
      ]
    },
    {
      "mode": "managed",
      "type": "aws_route_table_association",
      "name": "private",
      "provider": "provider[\"registry.terraform.io/hashicorp/aws\"]",
      "instances": [
        {
          "index_key": 0,
          "schema_version": 0,
          "attributes": {
            "gateway_id": "",
            "id": "rtbassoc-03b4975338bd7b5e6",
            "route_table_id": "rtb-0a0f0d8d9a5c919f2",
            "subnet_id": "subnet-01a586df660cfd3cf",
            "timeouts": null
          },
          "sensitive_attributes": [],
          "identity_schema_version": 0,
          "private": "eyJlMmJmYjczMC1lY2FhLTExZTYtOGY4OC0zNDM2M2JjN2M0YzAiOnsiY3JlYXRlIjozMDAwMDAwMDAwMDAsImRlbGV0ZSI6MzAwMDAwMDAwMDAwLCJ1cGRhdGUiOjEyMDAwMDAwMDAwMH19",
          "dependencies": [
            "aws_eip.nat",
            "aws_internet_gateway.main",
            "aws_nat_gateway.main",
            "aws_route_table.private",
            "aws_subnet.private",
            "aws_subnet.public",
            "aws_vpc.main",
            "data.aws_availability_zones.available"
          ]
        },
        {
          "index_key": 1,
          "schema_version": 0,
          "attributes": {
            "gateway_id": "",
            "id": "rtbassoc-0f9d23aab675f00cb",
            "route_table_id": "rtb-0a0f0d8d9a5c919f2",
            "subnet_id": "subnet-071dd42aedd8e7de8",
            "timeouts": null
          },
          "sensitive_attributes": [],
          "identity_schema_version": 0,
          "private": "eyJlMmJmYjczMC1lY2FhLTExZTYtOGY4OC0zNDM2M2JjN2M0YzAiOnsiY3JlYXRlIjozMDAwMDAwMDAwMDAsImRlbGV0ZSI6MzAwMDAwMDAwMDAwLCJ1cGRhdGUiOjEyMDAwMDAwMDAwMH19",
          "dependencies": [
            "aws_eip.nat",
            "aws_internet_gateway.main",
            "aws_nat_gateway.main",
            "aws_route_table.private",
            "aws_subnet.private",
            "aws_subnet.public",
            "aws_vpc.main",
            "data.aws_availability_zones.available"
          ]
        }
      ]
    },
    {
      "mode": "managed",
      "type": "aws_route_table_association",
      "name": "public",
      "provider": "provider[\"registry.terraform.io/hashicorp/aws\"]",
      "instances": [
        {
          "index_key": 0,
          "schema_version": 0,
          "attributes": {
            "gateway_id": "",
            "id": "rtbassoc-09502767a15aebb65",
            "route_table_id": "rtb-0af31e5e8b8620a73",
            "subnet_id": "subnet-0aa9f8a44c8c00cda",
            "timeouts": null
          },
          "sensitive_attributes": [],
          "identity_schema_version": 0,
          "private": "eyJlMmJmYjczMC1lY2FhLTExZTYtOGY4OC0zNDM2M2JjN2M0YzAiOnsiY3JlYXRlIjozMDAwMDAwMDAwMDAsImRlbGV0ZSI6MzAwMDAwMDAwMDAwLCJ1cGRhdGUiOjEyMDAwMDAwMDAwMH19",
          "dependencies": [
            "aws_internet_gateway.main",
            "aws_route_table.public",
            "aws_subnet.public",
            "aws_vpc.main",
            "data.aws_availability_zones.available"
          ]
        },
        {
          "index_key": 1,
          "schema_version": 0,
          "attributes": {
            "gateway_id": "",
            "id": "rtbassoc-0b1e89fbfd3bd646f",
            "route_table_id": "rtb-0af31e5e8b8620a73",
            "subnet_id": "subnet-017b5bbd387549cc3",
            "timeouts": null
          },
          "sensitive_attributes": [],
          "identity_schema_version": 0,
          "private": "eyJlMmJmYjczMC1lY2FhLTExZTYtOGY4OC0zNDM2M2JjN2M0YzAiOnsiY3JlYXRlIjozMDAwMDAwMDAwMDAsImRlbGV0ZSI6MzAwMDAwMDAwMDAwLCJ1cGRhdGUiOjEyMDAwMDAwMDAwMH19",
          "dependencies": [
            "aws_internet_gateway.main",
            "aws_route_table.public",
            "aws_subnet.public",
            "aws_vpc.main",
            "data.aws_availability_zones.available"
          ]
        }
      ]
    },
    {
      "mode": "managed",
      "type": "aws_security_group",
      "name": "alb",
      "provider": "provider[\"registry.terraform.io/hashicorp/aws\"]",
      "instances": [
        {
          "schema_version": 1,
          "attributes": {
            "arn": "arn:aws:ec2:us-east-2:693014165328:security-group/sg-0b43239b2203315f8",
            "description": "Security group para o Application Load Balancer",
            "egress": [
              {
                "cidr_blocks": [
                  "0.0.0.0/0"
                ],
                "description": "",
                "from_port": 0,
                "ipv6_cidr_blocks": [],
                "prefix_list_ids": [],
                "protocol": "-1",
                "security_groups": [],
                "self": false,
                "to_port": 0
              }
            ],
            "id": "sg-0b43239b2203315f8",
            "ingress": [
              {
                "cidr_blocks": [
                  "0.0.0.0/0"
                ],
                "description": "",
                "from_port": 443,
                "ipv6_cidr_blocks": [],
                "prefix_list_ids": [],
                "protocol": "tcp",
                "security_groups": [],
                "self": false,
                "to_port": 443
              },
              {
                "cidr_blocks": [
                  "0.0.0.0/0"
                ],
                "description": "",
                "from_port": 80,
                "ipv6_cidr_blocks": [],
                "prefix_list_ids": [],
                "protocol": "tcp",
                "security_groups": [],
                "self": false,
                "to_port": 80
              }
            ],
            "name": "teste-api-alb-sg",
            "name_prefix": "",
            "owner_id": "693014165328",
            "revoke_rules_on_delete": false,
            "tags": {
              "Name": "teste-api-alb-sg"
            },
            "tags_all": {
              "Name": "teste-api-alb-sg"
            },
            "timeouts": null,
            "vpc_id": "vpc-0ca259d7e744c179a"
          },
          "sensitive_attributes": [],
          "identity_schema_version": 0,
          "private": "eyJlMmJmYjczMC1lY2FhLTExZTYtOGY4OC0zNDM2M2JjN2M0YzAiOnsiY3JlYXRlIjo2MDAwMDAwMDAwMDAsImRlbGV0ZSI6OTAwMDAwMDAwMDAwfSwic2NoZW1hX3ZlcnNpb24iOiIxIn0=",
          "dependencies": [
            "aws_vpc.main"
          ]
        }
      ]
    },
    {
      "mode": "managed",
      "type": "aws_security_group",
      "name": "api",
      "provider": "provider[\"registry.terraform.io/hashicorp/aws\"]",
      "instances": [
        {
          "schema_version": 1,
          "attributes": {
            "arn": "arn:aws:ec2:us-east-2:693014165328:security-group/sg-0bcb8c2696c9754e4",
            "description": "Security group para o servico da API Python",
            "egress": [
              {
                "cidr_blocks": [
                  "0.0.0.0/0"
                ],
                "description": "",
                "from_port": 0,
                "ipv6_cidr_blocks": [],
                "prefix_list_ids": [],
                "protocol": "-1",
                "security_groups": [],
                "self": false,
                "to_port": 0
              }
            ],
            "id": "sg-0bcb8c2696c9754e4",
            "ingress": [
              {
                "cidr_blocks": [],
                "description": "",
                "from_port": 5000,
                "ipv6_cidr_blocks": [],
                "prefix_list_ids": [],
                "protocol": "tcp",
                "security_groups": [
                  "sg-0550013dede5f031c"
                ],
                "self": false,
                "to_port": 5000
              }
            ],
            "name": "teste-api-api-sg",
            "name_prefix": "",
            "owner_id": "693014165328",
            "revoke_rules_on_delete": false,
            "tags": {
              "Name": "teste-api-api-sg"
            },
            "tags_all": {
              "Name": "teste-api-api-sg"
            },
            "timeouts": null,
            "vpc_id": "vpc-0ca259d7e744c179a"
          },
          "sensitive_attributes": [],
          "identity_schema_version": 0,
          "private": "eyJlMmJmYjczMC1lY2FhLTExZTYtOGY4OC0zNDM2M2JjN2M0YzAiOnsiY3JlYXRlIjo2MDAwMDAwMDAwMDAsImRlbGV0ZSI6OTAwMDAwMDAwMDAwfSwic2NoZW1hX3ZlcnNpb24iOiIxIn0=",
          "dependencies": [
            "aws_security_group.nginx",
            "aws_vpc.main"
          ]
        }
      ]
    },
    {
      "mode": "managed",
      "type": "aws_security_group",
      "name": "nginx",
      "provider": "provider[\"registry.terraform.io/hashicorp/aws\"]",
      "instances": [
        {
          "schema_version": 1,
          "attributes": {
            "arn": "arn:aws:ec2:us-east-2:693014165328:security-group/sg-0550013dede5f031c",
            "description": "Security group para o servico Nginx",
            "egress": [
              {
                "cidr_blocks": [
                  "0.0.0.0/0"
                ],
                "description": "",
                "from_port": 0,
                "ipv6_cidr_blocks": [],
                "prefix_list_ids": [],
                "protocol": "-1",
                "security_groups": [],
                "self": false,
                "to_port": 0
              }
            ],
            "id": "sg-0550013dede5f031c",
            "ingress": [
              {
                "cidr_blocks": [
                  "0.0.0.0/0"
                ],
                "description": "",
                "from_port": 443,
                "ipv6_cidr_blocks": [],
                "prefix_list_ids": [],
                "protocol": "tcp",
                "security_groups": [],
                "self": false,
                "to_port": 443
              }
            ],
            "name": "teste-api-nginx-sg",
            "name_prefix": "",
            "owner_id": "693014165328",
            "revoke_rules_on_delete": false,
            "tags": {
              "Name": "teste-api-nginx-sg"
            },
            "tags_all": {
              "Name": "teste-api-nginx-sg"
            },
            "timeouts": null,
            "vpc_id": "vpc-0ca259d7e744c179a"
          },
          "sensitive_attributes": [],
          "identity_schema_version": 0,
          "private": "eyJlMmJmYjczMC1lY2FhLTExZTYtOGY4OC0zNDM2M2JjN2M0YzAiOnsiY3JlYXRlIjo2MDAwMDAwMDAwMDAsImRlbGV0ZSI6OTAwMDAwMDAwMDAwfSwic2NoZW1hX3ZlcnNpb24iOiIxIn0=",
          "dependencies": [
            "aws_vpc.main"
          ]
        }
      ]
    },
    {
      "mode": "managed",
      "type": "aws_service_discovery_private_dns_namespace",
      "name": "main",
      "provider": "provider[\"registry.terraform.io/hashicorp/aws\"]",
      "instances": [
        {
          "schema_version": 0,
          "attributes": {
            "arn": "arn:aws:servicediscovery:us-east-2:693014165328:namespace/ns-ceciqq4focmsypjk",
            "description": "",
            "hosted_zone": "Z0580194NV1GM6W57XJ1",
            "id": "ns-ceciqq4focmsypjk",
            "name": "teste-api.local",
            "tags": {},
            "tags_all": {},
            "vpc": "vpc-0ca259d7e744c179a"
          },
          "sensitive_attributes": [],
          "identity_schema_version": 0,
          "private": "bnVsbA==",
          "dependencies": [
            "aws_vpc.main"
          ]
        }
      ]
    },
    {
      "mode": "managed",
      "type": "aws_service_discovery_service",
      "name": "api",
      "provider": "provider[\"registry.terraform.io/hashicorp/aws\"]",
      "instances": [
        {
          "schema_version": 0,
          "attributes": {
            "arn": "arn:aws:servicediscovery:us-east-2:693014165328:service/srv-4odn4aaq5nbwgxoj",
            "description": "",
            "dns_config": [
              {
                "dns_records": [
                  {
                    "ttl": 10,
                    "type": "A"
                  }
                ],
                "namespace_id": "ns-ceciqq4focmsypjk",
                "routing_policy": "MULTIVALUE"
              }
            ],
            "force_destroy": false,
            "health_check_config": [],
            "health_check_custom_config": [
              {
                "failure_threshold": 1
              }
            ],
            "id": "srv-4odn4aaq5nbwgxoj",
            "name": "api",
            "namespace_id": "ns-ceciqq4focmsypjk",
            "tags": {},
            "tags_all": {},
            "type": "DNS_HTTP"
          },
          "sensitive_attributes": [],
          "identity_schema_version": 0,
          "private": "bnVsbA==",
          "dependencies": [
            "aws_service_discovery_private_dns_namespace.main",
            "aws_vpc.main"
          ]
        }
      ]
    },
    {
      "mode": "managed",
      "type": "aws_subnet",
      "name": "private",
      "provider": "provider[\"registry.terraform.io/hashicorp/aws\"]",
      "instances": [
        {
          "index_key": 0,
          "schema_version": 1,
          "attributes": {
            "arn": "arn:aws:ec2:us-east-2:693014165328:subnet/subnet-01a586df660cfd3cf",
            "assign_ipv6_address_on_creation": false,
            "availability_zone": "us-east-2a",
            "availability_zone_id": "use2-az1",
            "cidr_block": "10.0.101.0/24",
            "customer_owned_ipv4_pool": "",
            "enable_dns64": false,
            "enable_lni_at_device_index": 0,
            "enable_resource_name_dns_a_record_on_launch": false,
            "enable_resource_name_dns_aaaa_record_on_launch": false,
            "id": "subnet-01a586df660cfd3cf",
            "ipv6_cidr_block": "",
            "ipv6_cidr_block_association_id": "",
            "ipv6_native": false,
            "map_customer_owned_ip_on_launch": false,
            "map_public_ip_on_launch": false,
            "outpost_arn": "",
            "owner_id": "693014165328",
            "private_dns_hostname_type_on_launch": "ip-name",
            "tags": {
              "Name": "teste-api-private-subnet-1"
            },
            "tags_all": {
              "Name": "teste-api-private-subnet-1"
            },
            "timeouts": null,
            "vpc_id": "vpc-0ca259d7e744c179a"
          },
          "sensitive_attributes": [],
          "identity_schema_version": 0,
          "private": "eyJlMmJmYjczMC1lY2FhLTExZTYtOGY4OC0zNDM2M2JjN2M0YzAiOnsiY3JlYXRlIjo2MDAwMDAwMDAwMDAsImRlbGV0ZSI6MTIwMDAwMDAwMDAwMH0sInNjaGVtYV92ZXJzaW9uIjoiMSJ9",
          "dependencies": [
            "aws_vpc.main",
            "data.aws_availability_zones.available"
          ]
        },
        {
          "index_key": 1,
          "schema_version": 1,
          "attributes": {
            "arn": "arn:aws:ec2:us-east-2:693014165328:subnet/subnet-071dd42aedd8e7de8",
            "assign_ipv6_address_on_creation": false,
            "availability_zone": "us-east-2b",
            "availability_zone_id": "use2-az2",
            "cidr_block": "10.0.102.0/24",
            "customer_owned_ipv4_pool": "",
            "enable_dns64": false,
            "enable_lni_at_device_index": 0,
            "enable_resource_name_dns_a_record_on_launch": false,
            "enable_resource_name_dns_aaaa_record_on_launch": false,
            "id": "subnet-071dd42aedd8e7de8",
            "ipv6_cidr_block": "",
            "ipv6_cidr_block_association_id": "",
            "ipv6_native": false,
            "map_customer_owned_ip_on_launch": false,
            "map_public_ip_on_launch": false,
            "outpost_arn": "",
            "owner_id": "693014165328",
            "private_dns_hostname_type_on_launch": "ip-name",
            "tags": {
              "Name": "teste-api-private-subnet-2"
            },
            "tags_all": {
              "Name": "teste-api-private-subnet-2"
            },
            "timeouts": null,
            "vpc_id": "vpc-0ca259d7e744c179a"
          },
          "sensitive_attributes": [],
          "identity_schema_version": 0,
          "private": "eyJlMmJmYjczMC1lY2FhLTExZTYtOGY4OC0zNDM2M2JjN2M0YzAiOnsiY3JlYXRlIjo2MDAwMDAwMDAwMDAsImRlbGV0ZSI6MTIwMDAwMDAwMDAwMH0sInNjaGVtYV92ZXJzaW9uIjoiMSJ9",
          "dependencies": [
            "aws_vpc.main",
            "data.aws_availability_zones.available"
          ]
        }
      ]
    },
    {
      "mode": "managed",
      "type": "aws_subnet",
      "name": "public",
      "provider": "provider[\"registry.terraform.io/hashicorp/aws\"]",
      "instances": [
        {
          "index_key": 0,
          "schema_version": 1,
          "attributes": {
            "arn": "arn:aws:ec2:us-east-2:693014165328:subnet/subnet-0aa9f8a44c8c00cda",
            "assign_ipv6_address_on_creation": false,
            "availability_zone": "us-east-2a",
            "availability_zone_id": "use2-az1",
            "cidr_block": "10.0.1.0/24",
            "customer_owned_ipv4_pool": "",
            "enable_dns64": false,
            "enable_lni_at_device_index": 0,
            "enable_resource_name_dns_a_record_on_launch": false,
            "enable_resource_name_dns_aaaa_record_on_launch": false,
            "id": "subnet-0aa9f8a44c8c00cda",
            "ipv6_cidr_block": "",
            "ipv6_cidr_block_association_id": "",
            "ipv6_native": false,
            "map_customer_owned_ip_on_launch": false,
            "map_public_ip_on_launch": true,
            "outpost_arn": "",
            "owner_id": "693014165328",
            "private_dns_hostname_type_on_launch": "ip-name",
            "tags": {
              "Name": "teste-api-public-subnet-1"
            },
            "tags_all": {
              "Name": "teste-api-public-subnet-1"
            },
            "timeouts": null,
            "vpc_id": "vpc-0ca259d7e744c179a"
          },
          "sensitive_attributes": [],
          "identity_schema_version": 0,
          "private": "eyJlMmJmYjczMC1lY2FhLTExZTYtOGY4OC0zNDM2M2JjN2M0YzAiOnsiY3JlYXRlIjo2MDAwMDAwMDAwMDAsImRlbGV0ZSI6MTIwMDAwMDAwMDAwMH0sInNjaGVtYV92ZXJzaW9uIjoiMSJ9",
          "dependencies": [
            "aws_vpc.main",
            "data.aws_availability_zones.available"
          ]
        },
        {
          "index_key": 1,
          "schema_version": 1,
          "attributes": {
            "arn": "arn:aws:ec2:us-east-2:693014165328:subnet/subnet-017b5bbd387549cc3",
            "assign_ipv6_address_on_creation": false,
            "availability_zone": "us-east-2b",
            "availability_zone_id": "use2-az2",
            "cidr_block": "10.0.2.0/24",
            "customer_owned_ipv4_pool": "",
            "enable_dns64": false,
            "enable_lni_at_device_index": 0,
            "enable_resource_name_dns_a_record_on_launch": false,
            "enable_resource_name_dns_aaaa_record_on_launch": false,
            "id": "subnet-017b5bbd387549cc3",
            "ipv6_cidr_block": "",
            "ipv6_cidr_block_association_id": "",
            "ipv6_native": false,
            "map_customer_owned_ip_on_launch": false,
            "map_public_ip_on_launch": true,
            "outpost_arn": "",
            "owner_id": "693014165328",
            "private_dns_hostname_type_on_launch": "ip-name",
            "tags": {
              "Name": "teste-api-public-subnet-2"
            },
            "tags_all": {
              "Name": "teste-api-public-subnet-2"
            },
            "timeouts": null,
            "vpc_id": "vpc-0ca259d7e744c179a"
          },
          "sensitive_attributes": [],
          "identity_schema_version": 0,
          "private": "eyJlMmJmYjczMC1lY2FhLTExZTYtOGY4OC0zNDM2M2JjN2M0YzAiOnsiY3JlYXRlIjo2MDAwMDAwMDAwMDAsImRlbGV0ZSI6MTIwMDAwMDAwMDAwMH0sInNjaGVtYV92ZXJzaW9uIjoiMSJ9",
          "dependencies": [
            "aws_vpc.main",
            "data.aws_availability_zones.available"
          ]
        }
      ]
    },
    {
      "mode": "managed",
      "type": "aws_vpc",
      "name": "main",
      "provider": "provider[\"registry.terraform.io/hashicorp/aws\"]",
      "instances": [
        {
          "schema_version": 1,
          "attributes": {
            "arn": "arn:aws:ec2:us-east-2:693014165328:vpc/vpc-0ca259d7e744c179a",
            "assign_generated_ipv6_cidr_block": false,
            "cidr_block": "10.0.0.0/16",
            "default_network_acl_id": "acl-058834aa10212e875",
            "default_route_table_id": "rtb-0d61aba8c7679de0c",
            "default_security_group_id": "sg-05228370d83e62dab",
            "dhcp_options_id": "dopt-05b4b27b1fe12f3ef",
            "enable_dns_hostnames": true,
            "enable_dns_support": true,
            "enable_network_address_usage_metrics": false,
            "id": "vpc-0ca259d7e744c179a",
            "instance_tenancy": "default",
            "ipv4_ipam_pool_id": null,
            "ipv4_netmask_length": null,
            "ipv6_association_id": "",
            "ipv6_cidr_block": "",
            "ipv6_cidr_block_network_border_group": "",
            "ipv6_ipam_pool_id": "",
            "ipv6_netmask_length": 0,
            "main_route_table_id": "rtb-0d61aba8c7679de0c",
            "owner_id": "693014165328",
            "tags": {
              "Name": "teste-api-vpc"
            },
            "tags_all": {
              "Name": "teste-api-vpc"
            }
          },
          "sensitive_attributes": [],
          "identity_schema_version": 0,
          "private": "eyJzY2hlbWFfdmVyc2lvbiI6IjEifQ=="
        }
      ]
    },
    {
      "mode": "managed",
      "type": "aws_wafv2_ip_set",
      "name": "blocked_ips",
      "provider": "provider[\"registry.terraform.io/hashicorp/aws\"]",
      "instances": [
        {
          "schema_version": 0,
          "attributes": {
            "addresses": [
              "192.0.2.44/32"
            ],
            "arn": "arn:aws:wafv2:us-east-2:693014165328:regional/ipset/teste-api-blocked-ips/576b2812-7128-4e52-9cd8-36fe63515f72",
            "description": "",
            "id": "576b2812-7128-4e52-9cd8-36fe63515f72",
            "ip_address_version": "IPV4",
            "lock_token": "2cfa1d23-fba8-40d7-bbe3-5be33570ac89",
            "name": "teste-api-blocked-ips",
            "name_prefix": "",
            "scope": "REGIONAL",
            "tags": {},
            "tags_all": {}
          },
          "sensitive_attributes": [],
          "identity_schema_version": 0,
          "private": "bnVsbA=="
        }
      ]
    },
    {
      "mode": "managed",
      "type": "aws_wafv2_web_acl",
      "name": "main",
      "provider": "provider[\"registry.terraform.io/hashicorp/aws\"]",
      "instances": [
        {
          "schema_version": 0,
          "attributes": {
            "application_integration_url": "",
            "arn": "arn:aws:wafv2:us-east-2:693014165328:regional/webacl/teste-api-waf-acl/4a44c446-cb5f-4cb9-80e2-ac97eabc5cc2",
            "association_config": [],
            "capacity": 1,
            "captcha_config": [],
            "challenge_config": [],
            "custom_response_body": [],
            "data_protection_config": [],
            "default_action": [
              {
                "allow": [
                  {
                    "custom_request_handling": []
                  }
                ],
                "block": []
              }
            ],
            "description": "",
            "id": "4a44c446-cb5f-4cb9-80e2-ac97eabc5cc2",
            "lock_token": "3d894655-8fcb-40b1-a5a4-1792df5057e8",
            "name": "teste-api-waf-acl",
            "name_prefix": "",
            "rule": [
              {
                "action": [
                  {
                    "allow": [],
                    "block": [
                      {
                        "custom_response": []
                      }
                    ],
                    "captcha": [],
                    "challenge": [],
                    "count": []
                  }
                ],
                "captcha_config": [],
                "challenge_config": [],
                "name": "BlockFromIPSet",
                "override_action": [],
                "priority": 1,
                "rule_label": [],
                "statement": [
                  {
                    "and_statement": [],
                    "asn_match_statement": [],
                    "byte_match_statement": [],
                    "geo_match_statement": [],
                    "ip_set_reference_statement": [
                      {
                        "arn": "arn:aws:wafv2:us-east-2:693014165328:regional/ipset/teste-api-blocked-ips/576b2812-7128-4e52-9cd8-36fe63515f72",
                        "ip_set_forwarded_ip_config": []
                      }
                    ],
                    "label_match_statement": [],
                    "managed_rule_group_statement": [],
                    "not_statement": [],
                    "or_statement": [],
                    "rate_based_statement": [],
                    "regex_match_statement": [],
                    "regex_pattern_set_reference_statement": [],
                    "rule_group_reference_statement": [],
                    "size_constraint_statement": [],
                    "sqli_match_statement": [],
                    "xss_match_statement": []
                  }
                ],
                "visibility_config": [
                  {
                    "cloudwatch_metrics_enabled": true,
                    "metric_name": "teste-api-waf-ip-block",
                    "sampled_requests_enabled": true
                  }
                ]
              }
            ],
            "rule_json": null,
            "scope": "REGIONAL",
            "tags": {
              "Environment": "prod",
              "Name": "teste-api-waf-acl"
            },
            "tags_all": {
              "Environment": "prod",
              "Name": "teste-api-waf-acl"
            },
            "token_domains": [],
            "visibility_config": [
              {
                "cloudwatch_metrics_enabled": true,
                "metric_name": "teste-api-waf",
                "sampled_requests_enabled": true
              }
            ]
          },
          "sensitive_attributes": [],
          "identity_schema_version": 0,
          "private": "bnVsbA==",
          "dependencies": [
            "aws_wafv2_ip_set.blocked_ips"
          ]
        }
      ]
    }
  ],
  "check_results": null
}
